<Solution>
  <Project Path="TurismoEstancia.IdentityClass/TurismoEstancia.IdentityClass.csproj" Id="63ced174-cb58-4b2e-8952-e499244ca601" />
  <Project Path="TurismoEstancia.Authorization/TurismoEstancia.Authorization.csproj">
    <BuildDependency Project="TurismoEstancia.IdentityClass/TurismoEstancia.IdentityClass.csproj" />
    <BuildDependency Project="TurismoEstancia.Domain/TurismoEstancia.Domain.csproj" />
    <BuildDependency Project="TurismoEstancia.Identity/TurismoEstancia.Identity.csproj" />
    <BuildDependency Project="TurismoEstancia.Mail/TurismoEstancia.Mail.csproj" />
    <BuildDependency Project="TurismoEstancia.Services/TurismoEstancia.Services.csproj" />
  </Project>
  <Project Path="TurismoEstancia.Domain/TurismoEstancia.Domain.csproj" />
  <Project Path="TurismoEstancia.Identity/TurismoEstancia.Identity.csproj" />
  <Project Path="TurismoEstancia.Mail/TurismoEstancia.Mail.csproj" />
  <Project Path="TurismoEstancia.Services/TurismoEstancia.Services.csproj" />
  <Project Path="TurismoEstancia.Web/TurismoEstancia.Web.csproj" />
</Solution>
